{
  "name": "mtmanager",
  "version": "1.0.0",
  "lockfileVersion": 3,
  "requires": true,
  "packages": {
    "": {
      "name": "mtmanager",
      "version": "1.0.0",
      "license": "MPL-2.0",
      "dependencies": {
        "@ethereumjs/block": "10.0.0",
        "@ethereumjs/blockchain": "10.0.0",
        "@ethereumjs/common": "10.0.0",
        "@ethereumjs/evm": "10.0.0",
        "@ethereumjs/statemanager": "10.0.0",
        "@ethereumjs/tx": "10.0.0",
        "@ethereumjs/util": "10.0.0",
        "@ethereumjs/vm": "^10.0.0",
        "@noble/curves": "^1.4.0",
        "@zk-kit/lean-imt": "^2.2.3",
        "dotenv": "^17.2.0",
        "ethers": "^6.15.0",
        "ffjavascript": "^0.3.1",
        "poseidon-bls12381": "^1.0.2"
      },
      "devDependencies": {
        "@types/circomlibjs": "^0.1.6",
        "typescript": "^5.8.3"
      }
    },
    "node_modules/@adraffy/ens-normalize": {
      "version": "1.10.1",
      "resolved": "https://registry.npmjs.org/@adraffy/ens-normalize/-/ens-normalize-1.10.1.tgz",
      "integrity": "sha512-96Z2IP3mYmF1Xg2cDm8f1gWGf/HUVedQ3FMifV4kG/PQ4yEP51xDtRAEfhVNt5f/uzpNkZHwWQuUcu6D6K+Ekw==",
      "license": "MIT"
    },
    "node_modules/@ethereumjs/binarytree": {
      "version": "10.0.0",
      "resolved": "https://registry.npmjs.org/@ethereumjs/binarytree/-/binarytree-10.0.0.tgz",
      "integrity": "sha512-ZOfRpMhzt3kukNAzSlA/qAr8BQFw24lVbGLYN8mrILzZIHYYa2/PbhitVdPnCSQaeARSE/bLYBgM4c3+na0x0Q==",
      "license": "MIT",
      "dependencies": {
        "@ethereumjs/rlp": "^10.0.0",
        "@ethereumjs/util": "^10.0.0",
        "@noble/hashes": "^1.7.2",
        "debug": "^4.4.0",
        "ethereum-cryptography": "^3.2.0",
        "lru-cache": "11.0.2"
      },
      "engines": {
        "node": ">=18"
      }
    },
    "node_modules/@ethereumjs/binarytree/node_modules/@noble/hashes": {
      "version": "1.8.0",
      "resolved": "https://registry.npmjs.org/@noble/hashes/-/hashes-1.8.0.tgz",
      "integrity": "sha512-jCs9ldd7NwzpgXDIf6P3+NrHh9/sD6CQdxHyjQI+h/6rDNo88ypBxxz45UDuZHz9r3tNz7N/VInSVoVdtXEI4A==",
      "license": "MIT",
      "engines": {
        "node": "^14.21.3 || >=16"
      },
      "funding": {
        "url": "https://paulmillr.com/funding/"
      }
    },
    "node_modules/@ethereumjs/block": {
      "version": "10.0.0",
      "resolved": "https://registry.npmjs.org/@ethereumjs/block/-/block-10.0.0.tgz",
      "integrity": "sha512-wojY2+J1X+LdJuWoDvufbiDYqjNb+m17tr9Lo/AZ7qJsMSTuxbF+xVmYtDS2s60UASsmkdYdp/Uc7vslaksN/Q==",
      "license": "MPL-2.0",
      "dependencies": {
        "@ethereumjs/common": "^10.0.0",
        "@ethereumjs/mpt": "^10.0.0",
        "@ethereumjs/rlp": "^10.0.0",
        "@ethereumjs/tx": "^10.0.0",
        "@ethereumjs/util": "^10.0.0",
        "ethereum-cryptography": "^3.2.0"
      },
      "engines": {
        "node": ">=18"
      }
    },
    "node_modules/@ethereumjs/blockchain": {
      "version": "10.0.0",
      "resolved": "https://registry.npmjs.org/@ethereumjs/blockchain/-/blockchain-10.0.0.tgz",
      "integrity": "sha512-tQfrzn+M8gxuMke/0Bz1qU8ehsnGUtAylBryMjZ8sKIoFJGWUspF6hdNjiniYpiEDk2IutX5j7dgP/TjmOLlTw==",
      "license": "MPL-2.0",
      "dependencies": {
        "@ethereumjs/block": "^10.0.0",
        "@ethereumjs/common": "^10.0.0",
        "@ethereumjs/mpt": "^10.0.0",
        "@ethereumjs/rlp": "^10.0.0",
        "@ethereumjs/util": "^10.0.0",
        "debug": "^4.4.0",
        "eventemitter3": "^5.0.1",
        "lru-cache": "11.0.2"
      },
      "engines": {
        "node": ">=18"
      }
    },
    "node_modules/@ethereumjs/common": {
      "version": "10.0.0",
      "resolved": "https://registry.npmjs.org/@ethereumjs/common/-/common-10.0.0.tgz",
      "integrity": "sha512-qb0M1DGdXzMAf3O6Zg5Wr5UDjoxBmplLPbQyC6DQ0LfgVDBRdqn0Pk+/hHm4q0McE22Of0MxbV4hhiDTkSgKag==",
      "license": "MIT",
      "dependencies": {
        "@ethereumjs/util": "^10.0.0",
        "eventemitter3": "^5.0.1"
      }
    },
    "node_modules/@ethereumjs/evm": {
      "version": "10.0.0",
      "resolved": "https://registry.npmjs.org/@ethereumjs/evm/-/evm-10.0.0.tgz",
      "integrity": "sha512-/b5oy1Zc92Wol7d9EjVTcjdQcfiLAmHA10CBoResRa8CeJQcjuOTikdFQTYwSBuch0E2z0tTFLu+JmCdtjHN+A==",
      "license": "MPL-2.0",
      "dependencies": {
        "@ethereumjs/binarytree": "^10.0.0",
        "@ethereumjs/common": "^10.0.0",
        "@ethereumjs/statemanager": "^10.0.0",
        "@ethereumjs/util": "^10.0.0",
        "@ethereumjs/verkle": "^10.0.0",
        "@noble/curves": "^1.9.0",
        "@types/debug": "^4.1.12",
        "debug": "^4.4.0",
        "ethereum-cryptography": "^3.2.0",
        "eventemitter3": "^5.0.1"
      },
      "engines": {
        "node": ">=18"
      }
    },
    "node_modules/@ethereumjs/evm/node_modules/@noble/curves": {
      "version": "1.9.0",
      "resolved": "https://registry.npmjs.org/@noble/curves/-/curves-1.9.0.tgz",
      "integrity": "sha512-7YDlXiNMdO1YZeH6t/kvopHHbIZzlxrCV9WLqCY6QhcXOoXiNCMDqJIglZ9Yjx5+w7Dz30TITFrlTjnRg7sKEg==",
      "license": "MIT",
      "dependencies": {
        "@noble/hashes": "1.8.0"
      },
      "engines": {
        "node": "^14.21.3 || >=16"
      },
      "funding": {
        "url": "https://paulmillr.com/funding/"
      }
    },
    "node_modules/@ethereumjs/evm/node_modules/@noble/hashes": {
      "version": "1.8.0",
      "resolved": "https://registry.npmjs.org/@noble/hashes/-/hashes-1.8.0.tgz",
      "integrity": "sha512-jCs9ldd7NwzpgXDIf6P3+NrHh9/sD6CQdxHyjQI+h/6rDNo88ypBxxz45UDuZHz9r3tNz7N/VInSVoVdtXEI4A==",
      "license": "MIT",
      "engines": {
        "node": "^14.21.3 || >=16"
      },
      "funding": {
        "url": "https://paulmillr.com/funding/"
      }
    },
    "node_modules/@ethereumjs/mpt": {
      "version": "10.0.0",
      "resolved": "https://registry.npmjs.org/@ethereumjs/mpt/-/mpt-10.0.0.tgz",
      "integrity": "sha512-WpIWAyWhe/veG6bvBEQUdEGPyDTID0clFy4yMy+wRs5Tr7UHeDbsG4bAeXzLCEkhIgarSFok+9P5XO6r1q4tpw==",
      "license": "MPL-2.0",
      "dependencies": {
        "@ethereumjs/rlp": "^10.0.0",
        "@ethereumjs/util": "^10.0.0",
        "debug": "^4.4.0",
        "ethereum-cryptography": "^3.2.0",
        "lru-cache": "11.0.2"
      },
      "engines": {
        "node": ">=18"
      }
    },
    "node_modules/@ethereumjs/rlp": {
      "version": "10.0.0",
      "resolved": "https://registry.npmjs.org/@ethereumjs/rlp/-/rlp-10.0.0.tgz",
      "integrity": "sha512-h2SK6RxFBfN5ZGykbw8LTNNLckSXZeuUZ6xqnmtF22CzZbHflFMcIOyfVGdvyCVQqIoSbGMHtvyxMCWnOyB9RA==",
      "license": "MPL-2.0",
      "bin": {
        "rlp": "bin/rlp.cjs"
      },
      "engines": {
        "node": ">=18"
      }
    },
    "node_modules/@ethereumjs/statemanager": {
      "version": "10.0.0",
      "resolved": "https://registry.npmjs.org/@ethereumjs/statemanager/-/statemanager-10.0.0.tgz",
      "integrity": "sha512-s64RQIQLNmdxhfnm1nQSfPl4ktR0ju7RBx50HhAScItefrHg0QSqk7ZaKPXwuyvR+ilZHB3jQ0cmLwJ4DSvZgA==",
      "license": "MPL-2.0",
      "dependencies": {
        "@ethereumjs/binarytree": "^10.0.0",
        "@ethereumjs/common": "^10.0.0",
        "@ethereumjs/mpt": "^10.0.0",
        "@ethereumjs/rlp": "^10.0.0",
        "@ethereumjs/util": "^10.0.0",
        "@ethereumjs/verkle": "^10.0.0",
        "@js-sdsl/ordered-map": "^4.4.2",
        "@noble/hashes": "^1.7.2",
        "debug": "^4.4.0",
        "ethereum-cryptography": "^3.2.0",
        "lru-cache": "11.0.2"
      }
    },
    "node_modules/@ethereumjs/statemanager/node_modules/@noble/hashes": {
      "version": "1.8.0",
      "resolved": "https://registry.npmjs.org/@noble/hashes/-/hashes-1.8.0.tgz",
      "integrity": "sha512-jCs9ldd7NwzpgXDIf6P3+NrHh9/sD6CQdxHyjQI+h/6rDNo88ypBxxz45UDuZHz9r3tNz7N/VInSVoVdtXEI4A==",
      "license": "MIT",
      "engines": {
        "node": "^14.21.3 || >=16"
      },
      "funding": {
        "url": "https://paulmillr.com/funding/"
      }
    },
    "node_modules/@ethereumjs/tx": {
      "version": "10.0.0",
      "resolved": "https://registry.npmjs.org/@ethereumjs/tx/-/tx-10.0.0.tgz",
      "integrity": "sha512-DApm04kp2nbvaOuHy2Rkcz1ZeJkTVgW6oCuNnQf9bRtGc+LsvLrdULE3LoGtBItEoNEcgXLJqrV0foooWFX6jw==",
      "license": "MPL-2.0",
      "dependencies": {
        "@ethereumjs/common": "^10.0.0",
        "@ethereumjs/rlp": "^10.0.0",
        "@ethereumjs/util": "^10.0.0",
        "ethereum-cryptography": "^3.2.0"
      },
      "engines": {
        "node": ">=18"
      }
    },
    "node_modules/@ethereumjs/util": {
      "version": "10.0.0",
      "resolved": "https://registry.npmjs.org/@ethereumjs/util/-/util-10.0.0.tgz",
      "integrity": "sha512-lO23alM4uQsv8dp6/yEm4Xw4328+wIRjSeuBO1mRTToUWRcByEMTk87yzBpXgpixpgHrl+9LTn9KB2vvKKtOQQ==",
      "license": "MPL-2.0",
      "dependencies": {
        "@ethereumjs/rlp": "^10.0.0",
        "ethereum-cryptography": "^3.2.0"
      },
      "engines": {
        "node": ">=18"
      }
    },
    "node_modules/@ethereumjs/verkle": {
      "version": "10.0.0",
      "resolved": "https://registry.npmjs.org/@ethereumjs/verkle/-/verkle-10.0.0.tgz",
      "integrity": "sha512-pBGcIP0yhxjpBjjmZjF/3DKhjySxoFcFU6s81UI3h3bxiLsFTqPNMdTucFV1wiXeDbq8V4iH3c7IZbLZ5K07kw==",
      "license": "MIT",
      "dependencies": {
        "@ethereumjs/rlp": "^10.0.0",
        "@ethereumjs/util": "^10.0.0",
        "debug": "^4.4.0",
        "lru-cache": "11.0.2",
        "micro-eth-signer": "0.14.0"
      },
      "engines": {
        "node": ">=18"
      }
    },
    "node_modules/@ethereumjs/vm": {
      "version": "10.0.0",
      "resolved": "https://registry.npmjs.org/@ethereumjs/vm/-/vm-10.0.0.tgz",
      "integrity": "sha512-jjl607CwL5vykrwGbpF3MVFxvJOHV6XNmXbngO6emoK74AW1gvq/uY/S8uJ7rQk9HRB1/EkxNsG24x7rVatYMQ==",
      "license": "MPL-2.0",
      "dependencies": {
        "@ethereumjs/block": "^10.0.0",
        "@ethereumjs/common": "^10.0.0",
        "@ethereumjs/evm": "^10.0.0",
        "@ethereumjs/mpt": "^10.0.0",
        "@ethereumjs/rlp": "^10.0.0",
        "@ethereumjs/statemanager": "^10.0.0",
        "@ethereumjs/tx": "^10.0.0",
        "@ethereumjs/util": "^10.0.0",
        "@ethereumjs/verkle": "^10.0.0",
        "debug": "^4.4.0",
        "ethereum-cryptography": "^3.2.0",
        "eventemitter3": "^5.0.1"
      },
      "engines": {
        "node": ">=18"
      }
    },
    "node_modules/@js-sdsl/ordered-map": {
      "version": "4.4.2",
      "resolved": "https://registry.npmjs.org/@js-sdsl/ordered-map/-/ordered-map-4.4.2.tgz",
      "integrity": "sha512-iUKgm52T8HOE/makSxjqoWhe95ZJA1/G1sYsGev2JDKUSS14KAgg1LHb+Ba+IPow0xflbnSkOsZcO08C7w1gYw==",
      "license": "MIT",
      "funding": {
        "type": "opencollective",
        "url": "https://opencollective.com/js-sdsl"
      }
    },
    "node_modules/@noble/ciphers": {
      "version": "1.3.0",
      "resolved": "https://registry.npmjs.org/@noble/ciphers/-/ciphers-1.3.0.tgz",
      "integrity": "sha512-2I0gnIVPtfnMw9ee9h1dJG7tp81+8Ob3OJb3Mv37rx5L40/b0i7djjCVvGOVqc9AEIQyvyu1i6ypKdFw8R8gQw==",
      "license": "MIT",
      "engines": {
        "node": "^14.21.3 || >=16"
      },
      "funding": {
        "url": "https://paulmillr.com/funding/"
      }
    },
    "node_modules/@noble/curves": {
      "version": "1.9.3",
      "resolved": "https://registry.npmjs.org/@noble/curves/-/curves-1.9.3.tgz",
      "integrity": "sha512-NiHFh8qtZRREtY0Bpup+xpmLnB0bn9UAtj8CARBc2x1zjpVLDC84u+Bvy2+uaSgA3AmMP9zsacMZT1echgVAdQ==",
      "license": "MIT",
      "dependencies": {
        "@noble/hashes": "1.8.0"
      },
      "engines": {
        "node": "^14.21.3 || >=16"
      },
      "funding": {
        "url": "https://paulmillr.com/funding/"
      }
    },
    "node_modules/@noble/curves/node_modules/@noble/hashes": {
      "version": "1.8.0",
      "resolved": "https://registry.npmjs.org/@noble/hashes/-/hashes-1.8.0.tgz",
      "integrity": "sha512-jCs9ldd7NwzpgXDIf6P3+NrHh9/sD6CQdxHyjQI+h/6rDNo88ypBxxz45UDuZHz9r3tNz7N/VInSVoVdtXEI4A==",
      "license": "MIT",
      "engines": {
        "node": "^14.21.3 || >=16"
      },
      "funding": {
        "url": "https://paulmillr.com/funding/"
      }
    },
    "node_modules/@noble/hashes": {
      "version": "1.3.2",
      "resolved": "https://registry.npmjs.org/@noble/hashes/-/hashes-1.3.2.tgz",
      "integrity": "sha512-MVC8EAQp7MvEcm30KWENFjgR+Mkmf+D189XJTkFIlwohU5hcBbn1ZkKq7KVTi2Hme3PMGF390DaL52beVrIihQ==",
      "license": "MIT",
      "engines": {
        "node": ">= 16"
      },
      "funding": {
        "url": "https://paulmillr.com/funding/"
      }
    },
    "node_modules/@scure/base": {
      "version": "1.2.6",
      "resolved": "https://registry.npmjs.org/@scure/base/-/base-1.2.6.tgz",
      "integrity": "sha512-g/nm5FgUa//MCj1gV09zTJTaM6KBAHqLN907YVQqf7zC49+DcO4B1so4ZX07Ef10Twr6nuqYEH9GEggFXA4Fmg==",
      "license": "MIT",
      "funding": {
        "url": "https://paulmillr.com/funding/"
      }
    },
    "node_modules/@scure/bip32": {
      "version": "1.7.0",
      "resolved": "https://registry.npmjs.org/@scure/bip32/-/bip32-1.7.0.tgz",
      "integrity": "sha512-E4FFX/N3f4B80AKWp5dP6ow+flD1LQZo/w8UnLGYZO674jS6YnYeepycOOksv+vLPSpgN35wgKgy+ybfTb2SMw==",
      "license": "MIT",
      "dependencies": {
        "@noble/curves": "~1.9.0",
        "@noble/hashes": "~1.8.0",
        "@scure/base": "~1.2.5"
      },
      "funding": {
        "url": "https://paulmillr.com/funding/"
      }
    },
    "node_modules/@scure/bip32/node_modules/@noble/hashes": {
      "version": "1.8.0",
      "resolved": "https://registry.npmjs.org/@noble/hashes/-/hashes-1.8.0.tgz",
      "integrity": "sha512-jCs9ldd7NwzpgXDIf6P3+NrHh9/sD6CQdxHyjQI+h/6rDNo88ypBxxz45UDuZHz9r3tNz7N/VInSVoVdtXEI4A==",
      "license": "MIT",
      "engines": {
        "node": "^14.21.3 || >=16"
      },
      "funding": {
        "url": "https://paulmillr.com/funding/"
      }
    },
    "node_modules/@scure/bip39": {
      "version": "1.6.0",
      "resolved": "https://registry.npmjs.org/@scure/bip39/-/bip39-1.6.0.tgz",
      "integrity": "sha512-+lF0BbLiJNwVlev4eKelw1WWLaiKXw7sSl8T6FvBlWkdX+94aGJ4o8XjUdlyhTCjd8c+B3KT3JfS8P0bLRNU6A==",
      "license": "MIT",
      "dependencies": {
        "@noble/hashes": "~1.8.0",
        "@scure/base": "~1.2.5"
      },
      "funding": {
        "url": "https://paulmillr.com/funding/"
      }
    },
    "node_modules/@scure/bip39/node_modules/@noble/hashes": {
      "version": "1.8.0",
      "resolved": "https://registry.npmjs.org/@noble/hashes/-/hashes-1.8.0.tgz",
      "integrity": "sha512-jCs9ldd7NwzpgXDIf6P3+NrHh9/sD6CQdxHyjQI+h/6rDNo88ypBxxz45UDuZHz9r3tNz7N/VInSVoVdtXEI4A==",
      "license": "MIT",
      "engines": {
        "node": "^14.21.3 || >=16"
      },
      "funding": {
        "url": "https://paulmillr.com/funding/"
      }
    },
    "node_modules/@types/circomlibjs": {
      "version": "0.1.6",
      "resolved": "https://registry.npmjs.org/@types/circomlibjs/-/circomlibjs-0.1.6.tgz",
      "integrity": "sha512-yF174bPDaiKgejlZzCSqKwZaqXhlxMcVEHrAtstFohwP05OjtvHXOdxO6HQeTg8WwIdgMg7MJb1WyWZdUCGlPQ==",
      "dev": true,
      "license": "MIT"
    },
    "node_modules/@types/debug": {
      "version": "4.1.12",
      "resolved": "https://registry.npmjs.org/@types/debug/-/debug-4.1.12.tgz",
      "integrity": "sha512-vIChWdVG3LG1SMxEvI/AK+FWJthlrqlTu7fbrlywTkkaONwk/UAGaULXRlf8vkzFBLVm0zkMdCquhL5aOjhXPQ==",
      "license": "MIT",
      "dependencies": {
        "@types/ms": "*"
      }
    },
    "node_modules/@types/ms": {
      "version": "2.1.0",
      "resolved": "https://registry.npmjs.org/@types/ms/-/ms-2.1.0.tgz",
      "integrity": "sha512-GsCCIZDE/p3i96vtEqx+7dBUGXrc7zeSK3wwPHIaRThS+9OhWIXRqzs4d6k1SVU8g91DrNRWxWUGhp5KXQb2VA==",
      "license": "MIT"
    },
    "node_modules/@types/node": {
      "version": "22.7.5",
      "resolved": "https://registry.npmjs.org/@types/node/-/node-22.7.5.tgz",
      "integrity": "sha512-jML7s2NAzMWc//QSJ1a3prpk78cOPchGvXJsC3C6R6PSMoooztvRVQEz89gmBTBY1SPMaqo5teB4uNHPdetShQ==",
      "license": "MIT",
      "dependencies": {
        "undici-types": "~6.19.2"
      }
    },
    "node_modules/@zk-kit/lean-imt": {
      "version": "2.2.3",
      "resolved": "https://registry.npmjs.org/@zk-kit/lean-imt/-/lean-imt-2.2.3.tgz",
      "integrity": "sha512-T6NXLzMuwFjp+hg6WJZqzJ2qyyTmbS9JmxiWW/lmp+VxxJLAO9byAvqd5p/7616AXdHyTbwku0tdX0JDq9Pkng==",
      "license": "MIT",
      "dependencies": {
        "@zk-kit/utils": "1.3.0"
      }
    },
    "node_modules/@zk-kit/utils": {
      "version": "1.3.0",
      "resolved": "https://registry.npmjs.org/@zk-kit/utils/-/utils-1.3.0.tgz",
      "integrity": "sha512-Gqsq5KLDf2WPuZSsNc2KZy25XeK5d5UV9hwLaPEM5wq+GD2qCi1ZBFzNs0OptiJ9GRGtP2J/xptrszWri+pRqQ==",
      "license": "MIT",
      "dependencies": {
        "buffer": "^6.0.3"
      }
    },
    "node_modules/aes-js": {
      "version": "4.0.0-beta.5",
      "resolved": "https://registry.npmjs.org/aes-js/-/aes-js-4.0.0-beta.5.tgz",
      "integrity": "sha512-G965FqalsNyrPqgEGON7nIx1e/OVENSgiEIzyC63haUMuvNnwIgIjMs52hlTCKhkBny7A2ORNlfY9Zu+jmGk1Q==",
      "license": "MIT"
    },
    "node_modules/base64-js": {
      "version": "1.5.1",
      "resolved": "https://registry.npmjs.org/base64-js/-/base64-js-1.5.1.tgz",
      "integrity": "sha512-AKpaYlHn8t4SVbOHCy+b5+KKgvR4vrsD8vbvrbiQJps7fKDTkjkDry6ji0rUJjC0kzbNePLwzxq8iypo41qeWA==",
      "funding": [
        {
          "type": "github",
          "url": "https://github.com/sponsors/feross"
        },
        {
          "type": "patreon",
          "url": "https://www.patreon.com/feross"
        },
        {
          "type": "consulting",
          "url": "https://feross.org/support"
        }
      ],
      "license": "MIT"
    },
    "node_modules/buffer": {
      "version": "6.0.3",
      "resolved": "https://registry.npmjs.org/buffer/-/buffer-6.0.3.tgz",
      "integrity": "sha512-FTiCpNxtwiZZHEZbcbTIcZjERVICn9yq/pDFkTl95/AxzD1naBctN7YO68riM/gLSDY7sdrMby8hofADYuuqOA==",
      "funding": [
        {
          "type": "github",
          "url": "https://github.com/sponsors/feross"
        },
        {
          "type": "patreon",
          "url": "https://www.patreon.com/feross"
        },
        {
          "type": "consulting",
          "url": "https://feross.org/support"
        }
      ],
      "license": "MIT",
      "dependencies": {
        "base64-js": "^1.3.1",
        "ieee754": "^1.2.1"
      }
    },
    "node_modules/debug": {
      "version": "4.4.1",
      "resolved": "https://registry.npmjs.org/debug/-/debug-4.4.1.tgz",
      "integrity": "sha512-KcKCqiftBJcZr++7ykoDIEwSa3XWowTfNPo92BYxjXiyYEVrUQh2aLyhxBCwww+heortUFxEJYcRzosstTEBYQ==",
      "license": "MIT",
      "dependencies": {
        "ms": "^2.1.3"
      },
      "engines": {
        "node": ">=6.0"
      },
      "peerDependenciesMeta": {
        "supports-color": {
          "optional": true
        }
      }
    },
    "node_modules/dotenv": {
      "version": "17.2.0",
      "resolved": "https://registry.npmjs.org/dotenv/-/dotenv-17.2.0.tgz",
      "integrity": "sha512-Q4sgBT60gzd0BB0lSyYD3xM4YxrXA9y4uBDof1JNYGzOXrQdQ6yX+7XIAqoFOGQFOTK1D3Hts5OllpxMDZFONQ==",
      "license": "BSD-2-Clause",
      "engines": {
        "node": ">=12"
      },
      "funding": {
        "url": "https://dotenvx.com"
      }
    },
    "node_modules/ethereum-cryptography": {
      "version": "3.2.0",
      "resolved": "https://registry.npmjs.org/ethereum-cryptography/-/ethereum-cryptography-3.2.0.tgz",
      "integrity": "sha512-Urr5YVsalH+Jo0sYkTkv1MyI9bLYZwW8BENZCeE1QYaTHETEYx0Nv/SVsWkSqpYrzweg6d8KMY1wTjH/1m/BIg==",
      "license": "MIT",
      "dependencies": {
        "@noble/ciphers": "1.3.0",
        "@noble/curves": "1.9.0",
        "@noble/hashes": "1.8.0",
        "@scure/bip32": "1.7.0",
        "@scure/bip39": "1.6.0"
      },
      "engines": {
        "node": "^14.21.3 || >=16",
        "npm": ">=9"
      }
    },
    "node_modules/ethereum-cryptography/node_modules/@noble/curves": {
      "version": "1.9.0",
      "resolved": "https://registry.npmjs.org/@noble/curves/-/curves-1.9.0.tgz",
      "integrity": "sha512-7YDlXiNMdO1YZeH6t/kvopHHbIZzlxrCV9WLqCY6QhcXOoXiNCMDqJIglZ9Yjx5+w7Dz30TITFrlTjnRg7sKEg==",
      "license": "MIT",
      "dependencies": {
        "@noble/hashes": "1.8.0"
      },
      "engines": {
        "node": "^14.21.3 || >=16"
      },
      "funding": {
        "url": "https://paulmillr.com/funding/"
      }
    },
    "node_modules/ethereum-cryptography/node_modules/@noble/hashes": {
      "version": "1.8.0",
      "resolved": "https://registry.npmjs.org/@noble/hashes/-/hashes-1.8.0.tgz",
      "integrity": "sha512-jCs9ldd7NwzpgXDIf6P3+NrHh9/sD6CQdxHyjQI+h/6rDNo88ypBxxz45UDuZHz9r3tNz7N/VInSVoVdtXEI4A==",
      "license": "MIT",
      "engines": {
        "node": "^14.21.3 || >=16"
      },
      "funding": {
        "url": "https://paulmillr.com/funding/"
      }
    },
    "node_modules/ethers": {
      "version": "6.15.0",
      "resolved": "https://registry.npmjs.org/ethers/-/ethers-6.15.0.tgz",
      "integrity": "sha512-Kf/3ZW54L4UT0pZtsY/rf+EkBU7Qi5nnhonjUb8yTXcxH3cdcWrV2cRyk0Xk/4jK6OoHhxxZHriyhje20If2hQ==",
      "funding": [
        {
          "type": "individual",
          "url": "https://github.com/sponsors/ethers-io/"
        },
        {
          "type": "individual",
          "url": "https://www.buymeacoffee.com/ricmoo"
        }
      ],
      "license": "MIT",
      "dependencies": {
        "@adraffy/ens-normalize": "1.10.1",
        "@noble/curves": "1.2.0",
        "@noble/hashes": "1.3.2",
        "@types/node": "22.7.5",
        "aes-js": "4.0.0-beta.5",
        "tslib": "2.7.0",
        "ws": "8.17.1"
      },
      "engines": {
        "node": ">=14.0.0"
      }
    },
    "node_modules/ethers/node_modules/@noble/curves": {
      "version": "1.2.0",
      "resolved": "https://registry.npmjs.org/@noble/curves/-/curves-1.2.0.tgz",
      "integrity": "sha512-oYclrNgRaM9SsBUBVbb8M6DTV7ZHRTKugureoYEncY5c65HOmRzvSiTE3y5CYaPYJA/GVkrhXEoF0M3Ya9PMnw==",
      "license": "MIT",
      "dependencies": {
        "@noble/hashes": "1.3.2"
      },
      "funding": {
        "url": "https://paulmillr.com/funding/"
      }
    },
    "node_modules/eventemitter3": {
      "version": "5.0.1",
      "resolved": "https://registry.npmjs.org/eventemitter3/-/eventemitter3-5.0.1.tgz",
      "integrity": "sha512-GWkBvjiSZK87ELrYOSESUYeVIc9mvLLf/nXalMOS5dYrgZq9o5OVkbZAVM06CVxYsCwH9BDZFPlQTlPA1j4ahA==",
      "license": "MIT"
    },
    "node_modules/ffjavascript": {
      "version": "0.3.1",
      "resolved": "https://registry.npmjs.org/ffjavascript/-/ffjavascript-0.3.1.tgz",
      "integrity": "sha512-4PbK1WYodQtuF47D4pRI5KUg3Q392vuP5WjE1THSnceHdXwU3ijaoS0OqxTzLknCtz4Z2TtABzkBdBdMn3B/Aw==",
      "license": "GPL-3.0",
      "dependencies": {
        "wasmbuilder": "0.0.16",
        "wasmcurves": "0.2.2",
        "web-worker": "1.2.0"
      }
    },
    "node_modules/ieee754": {
      "version": "1.2.1",
      "resolved": "https://registry.npmjs.org/ieee754/-/ieee754-1.2.1.tgz",
      "integrity": "sha512-dcyqhDvX1C46lXZcVqCpK+FtMRQVdIMN6/Df5js2zouUsqG7I6sFxitIC+7KYK29KdXOLHdu9zL4sFnoVQnqaA==",
      "funding": [
        {
          "type": "github",
          "url": "https://github.com/sponsors/feross"
        },
        {
          "type": "patreon",
          "url": "https://www.patreon.com/feross"
        },
        {
          "type": "consulting",
          "url": "https://feross.org/support"
        }
      ],
      "license": "BSD-3-Clause"
    },
    "node_modules/lru-cache": {
      "version": "11.0.2",
      "resolved": "https://registry.npmjs.org/lru-cache/-/lru-cache-11.0.2.tgz",
      "integrity": "sha512-123qHRfJBmo2jXDbo/a5YOQrJoHF/GNQTLzQ5+IdK5pWpceK17yRc6ozlWd25FxvGKQbIUs91fDFkXmDHTKcyA==",
      "license": "ISC",
      "engines": {
        "node": "20 || >=22"
      }
    },
    "node_modules/micro-eth-signer": {
      "version": "0.14.0",
      "resolved": "https://registry.npmjs.org/micro-eth-signer/-/micro-eth-signer-0.14.0.tgz",
      "integrity": "sha512-5PLLzHiVYPWClEvZIXXFu5yutzpadb73rnQCpUqIHu3No3coFuWQNfE5tkBQJ7djuLYl6aRLaS0MgWJYGoqiBw==",
      "license": "MIT",
      "dependencies": {
        "@noble/curves": "~1.8.1",
        "@noble/hashes": "~1.7.1",
        "micro-packed": "~0.7.2"
      }
    },
    "node_modules/micro-eth-signer/node_modules/@noble/curves": {
      "version": "1.8.2",
      "resolved": "https://registry.npmjs.org/@noble/curves/-/curves-1.8.2.tgz",
      "integrity": "sha512-vnI7V6lFNe0tLAuJMu+2sX+FcL14TaCWy1qiczg1VwRmPrpQCdq5ESXQMqUc2tluRNf6irBXrWbl1mGN8uaU/g==",
      "license": "MIT",
      "dependencies": {
        "@noble/hashes": "1.7.2"
      },
      "engines": {
        "node": "^14.21.3 || >=16"
      },
      "funding": {
        "url": "https://paulmillr.com/funding/"
      }
    },
    "node_modules/micro-eth-signer/node_modules/@noble/hashes": {
      "version": "1.7.2",
      "resolved": "https://registry.npmjs.org/@noble/hashes/-/hashes-1.7.2.tgz",
      "integrity": "sha512-biZ0NUSxyjLLqo6KxEJ1b+C2NAx0wtDoFvCaXHGgUkeHzf3Xc1xKumFKREuT7f7DARNZ/slvYUwFG6B0f2b6hQ==",
      "license": "MIT",
      "engines": {
        "node": "^14.21.3 || >=16"
      },
      "funding": {
        "url": "https://paulmillr.com/funding/"
      }
    },
    "node_modules/micro-packed": {
      "version": "0.7.3",
      "resolved": "https://registry.npmjs.org/micro-packed/-/micro-packed-0.7.3.tgz",
      "integrity": "sha512-2Milxs+WNC00TRlem41oRswvw31146GiSaoCT7s3Xi2gMUglW5QBeqlQaZeHr5tJx9nm3i57LNXPqxOOaWtTYg==",
      "license": "MIT",
      "dependencies": {
        "@scure/base": "~1.2.5"
      },
      "funding": {
        "url": "https://paulmillr.com/funding/"
      }
    },
    "node_modules/ms": {
      "version": "2.1.3",
      "resolved": "https://registry.npmjs.org/ms/-/ms-2.1.3.tgz",
      "integrity": "sha512-6FlzubTLZG3J2a/NVCAleEhjzq5oxgHyaCU9yYXvcLsvoVaHJq/s5xXI6/XXP6tz7R9xAOtHnSO/tXtF3WRTlA==",
      "license": "MIT"
    },
    "node_modules/poseidon-bls12381": {
      "version": "1.0.2",
      "resolved": "https://registry.npmjs.org/poseidon-bls12381/-/poseidon-bls12381-1.0.2.tgz",
      "integrity": "sha512-dcKfdVuFR2MsWJsMPoFKQkEgJja0/haM/BIEasCFvtcxqT+TYcYWddBg0w/FDDpX7Woq3VdxJrifNnU4Bj/UlA==",
      "license": "MIT"
    },
    "node_modules/tslib": {
      "version": "2.7.0",
      "resolved": "https://registry.npmjs.org/tslib/-/tslib-2.7.0.tgz",
      "integrity": "sha512-gLXCKdN1/j47AiHiOkJN69hJmcbGTHI0ImLmbYLHykhgeN0jVGola9yVjFgzCUklsZQMW55o+dW7IXv3RCXDzA==",
      "license": "0BSD"
    },
    "node_modules/typescript": {
      "version": "5.8.3",
      "resolved": "https://registry.npmjs.org/typescript/-/typescript-5.8.3.tgz",
      "integrity": "sha512-p1diW6TqL9L07nNxvRMM7hMMw4c5XOo/1ibL4aAIGmSAt9slTE1Xgw5KWuof2uTOvCg9BY7ZRi+GaF+7sfgPeQ==",
      "dev": true,
      "license": "Apache-2.0",
      "bin": {
        "tsc": "bin/tsc",
        "tsserver": "bin/tsserver"
      },
      "engines": {
        "node": ">=14.17"
      }
    },
    "node_modules/undici-types": {
      "version": "6.19.8",
      "resolved": "https://registry.npmjs.org/undici-types/-/undici-types-6.19.8.tgz",
      "integrity": "sha512-ve2KP6f/JnbPBFyobGHuerC9g1FYGn/F8n1LWTwNxCEzd6IfqTwUQcNXgEtmmQ6DlRrC1hrSrBnCZPokRrDHjw==",
      "license": "MIT"
    },
    "node_modules/wasmbuilder": {
      "version": "0.0.16",
      "resolved": "https://registry.npmjs.org/wasmbuilder/-/wasmbuilder-0.0.16.tgz",
      "integrity": "sha512-Qx3lEFqaVvp1cEYW7Bfi+ebRJrOiwz2Ieu7ZG2l7YyeSJIok/reEQCQCuicj/Y32ITIJuGIM9xZQppGx5LrQdA==",
      "license": "GPL-3.0"
    },
    "node_modules/wasmcurves": {
      "version": "0.2.2",
      "resolved": "https://registry.npmjs.org/wasmcurves/-/wasmcurves-0.2.2.tgz",
      "integrity": "sha512-JRY908NkmKjFl4ytnTu5ED6AwPD+8VJ9oc94kdq7h5bIwbj0L4TDJ69mG+2aLs2SoCmGfqIesMWTEJjtYsoQXQ==",
      "license": "GPL-3.0",
      "dependencies": {
        "wasmbuilder": "0.0.16"
      }
    },
    "node_modules/web-worker": {
      "version": "1.2.0",
      "resolved": "https://registry.npmjs.org/web-worker/-/web-worker-1.2.0.tgz",
      "integrity": "sha512-PgF341avzqyx60neE9DD+XS26MMNMoUQRz9NOZwW32nPQrF6p77f1htcnjBSEV8BGMKZ16choqUG4hyI0Hx7mA==",
      "license": "Apache-2.0"
    },
    "node_modules/ws": {
      "version": "8.17.1",
      "resolved": "https://registry.npmjs.org/ws/-/ws-8.17.1.tgz",
      "integrity": "sha512-6XQFvXTkbfUOZOKKILFG1PDK2NDQs4azKQl26T0YS5CxqWLgXajbPZ+h4gZekJyRqFU8pvnbAbbs/3TgRPy+GQ==",
      "license": "MIT",
      "engines": {
        "node": ">=10.0.0"
      },
      "peerDependencies": {
        "bufferutil": "^4.0.1",
        "utf-8-validate": ">=5.0.2"
      },
      "peerDependenciesMeta": {
        "bufferutil": {
          "optional": true
        },
        "utf-8-validate": {
          "optional": true
        }
      }
    }
  }
}
